
Microsoft Visual Studio Solution File, Format Version 12.00
# Visual Studio Version 17
VisualStudioVersion = 17.1.32319.34
MinimumVisualStudioVersion = 10.0.40219.1
Project("{FAE04EC0-301F-11D3-BF4B-00C04F79EFBC}") = "FaceAnalyzer", "FaceAnalyzer\FaceAnalyzer.csproj", "{5C39242C-D282-4109-9B01-BAAF3A36A26D}"
EndProject
Global
	GlobalSection(SolutionConfigurationPlatforms) = preSolution
		Debug|Any CPU = Debug|Any CPU
		Release|Any CPU = Release|Any CPU
	EndGlobalSection
	GlobalSection(ProjectConfigurationPlatforms) = postSolution
		{5C39242C-D282-4109-9B01-BAAF3A36A26D}.Debug|Any CPU.ActiveCfg = Debug|Any CPU
		{5C39242C-D282-4109-9B01-BAAF3A36A26D}.Debug|Any CPU.Build.0 = Debug|Any CPU
		{5C39242C-D282-4109-9B01-BAAF3A36A26D}.Release|Any CPU.ActiveCfg = Release|Any CPU
		{5C39242C-D282-4109-9B01-BAAF3A36A26D}.Release|Any CPU.Build.0 = Release|Any CPU
	EndGlobalSection
	GlobalSection(SolutionProperties) = preSolution
		HideSolutionNode = FALSE
	EndGlobalSection
	GlobalSection(ExtensibilityGlobals) = postSolution
		SolutionGuid = {22E0D877-2854-487B-AC0A-78F56D980C54}
	EndGlobalSection
EndGlobal
